
Microsoft Visual Studio Solution File, Format Version 12.00
# Visual Studio Version 17
VisualStudioVersion = 17.10.35013.160
MinimumVisualStudioVersion = 10.0.40219.1
Project("{2150E333-8FDC-42A3-9474-1A3956D46DE8}") = "Services", "Services", "{C9CCF90A-85D8-41E0-BF0D-90ACDB80C5CC}"
EndProject
Project("{2150E333-8FDC-42A3-9474-1A3956D46DE8}") = "Shared", "Shared", "{7C15098B-9947-4F83-9DA6-8608E305E6A0}"
EndProject
Project("{2150E333-8FDC-42A3-9474-1A3956D46DE8}") = "AuthService", "AuthService", "{00E19C0F-9975-454C-BB47-D2D93D87B20D}"
EndProject
Project("{9A19103F-16F7-4668-BE54-9A1E7A4F7556}") = "AuthService.API", "AuthService.API\AuthService.API.csproj", "{DB5A409C-20E2-4E45-9E50-D7859896F000}"
EndProject
Project("{2150E333-8FDC-42A3-9474-1A3956D46DE8}") = "RoomService", "RoomService", "{D875B006-229B-43AC-802D-2F2E62EA02F3}"
EndProject
Project("{9A19103F-16F7-4668-BE54-9A1E7A4F7556}") = "RoomService.API", "RoomService.API\RoomService.API.csproj", "{763745A7-7835-4ECB-94D7-406A51C2ADB2}"
EndProject
Project("{9A19103F-16F7-4668-BE54-9A1E7A4F7556}") = "RoomService.Domain", "RoomService.Domain\RoomService.Domain.csproj", "{A3DC9697-60A4-4F70-9E29-C03CC32674D7}"
EndProject
Project("{9A19103F-16F7-4668-BE54-9A1E7A4F7556}") = "RoomService.Application", "RoomService.Application\RoomService.Application.csproj", "{A8394C30-CA47-4705-93D8-D61AE6547557}"
EndProject
Project("{9A19103F-16F7-4668-BE54-9A1E7A4F7556}") = "RoomService.Infrastructure", "RoomService.Infrastructure\RoomService.Infrastructure.csproj", "{E64D1768-6512-41A9-8539-098EF9418F48}"
EndProject
Project("{2150E333-8FDC-42A3-9474-1A3956D46DE8}") = "BiddingService", "BiddingService", "{FA5B85C6-17D3-422C-A84C-9A746F9D8300}"
EndProject
Project("{9A19103F-16F7-4668-BE54-9A1E7A4F7556}") = "BiddingService.API", "BiddingService.API\BiddingService.API.csproj", "{46D6E743-E611-4C84-8886-438FF46B53B8}"
EndProject
Project("{9A19103F-16F7-4668-BE54-9A1E7A4F7556}") = "BiddingService.Domain", "BiddingService.Domain\BiddingService.Domain.csproj", "{3C53D1C0-5400-4E93-B12A-C13407052379}"
EndProject
Project("{9A19103F-16F7-4668-BE54-9A1E7A4F7556}") = "BiddingService.Application", "BiddingService.Application\BiddingService.Application.csproj", "{8D137669-DB16-4858-980A-AA66221960B3}"
EndProject
Project("{9A19103F-16F7-4668-BE54-9A1E7A4F7556}") = "BiddingService.Infrastructure", "BiddingService.Infrastructure\BiddingService.Infrastructure.csproj", "{D1D1AEC0-8F76-4D6D-80C7-07E0E4B7EB98}"
EndProject
Project("{2150E333-8FDC-42A3-9474-1A3956D46DE8}") = "InvoiceService", "InvoiceService", "{3B5677BE-65FF-4FA4-BE0D-7157D6E65982}"
EndProject
Project("{9A19103F-16F7-4668-BE54-9A1E7A4F7556}") = "InvoiceService.Domain", "InvoiceService.Domain\InvoiceService.Domain.csproj", "{74ECC95B-755F-479A-A2C0-99FBFCF97237}"
EndProject
Project("{9A19103F-16F7-4668-BE54-9A1E7A4F7556}") = "InvoiceService.API", "InvoiceService.API\InvoiceService.API.csproj", "{226EA599-92E4-40D2-964E-828C46D7CF72}"
EndProject
Project("{2150E333-8FDC-42A3-9474-1A3956D46DE8}") = "PaymentService", "PaymentService", "{DE96E2E3-070F-42D6-9C76-42DFEA81EF84}"
EndProject
Project("{9A19103F-16F7-4668-BE54-9A1E7A4F7556}") = "PaymentService.API", "PaymentService.API\PaymentService.API.csproj", "{FA0C9F49-9809-4EC6-92F3-880543AFA98B}"
EndProject
Project("{9A19103F-16F7-4668-BE54-9A1E7A4F7556}") = "PaymentService.Domain", "PaymentService.Domain\PaymentService.Domain.csproj", "{45A563C5-7027-4491-9402-283BEFFFCF0D}"
EndProject
Project("{2150E333-8FDC-42A3-9474-1A3956D46DE8}") = "NotificationService", "NotificationService", "{10FE6B5E-477D-4123-8EF5-231F1884D7DB}"
EndProject
Project("{2150E333-8FDC-42A3-9474-1A3956D46DE8}") = "GatewayService", "GatewayService", "{7A0E701E-6F86-4408-8D7E-C29EEFAF0AE7}"
EndProject
Project("{9A19103F-16F7-4668-BE54-9A1E7A4F7556}") = "SharedKernel", "SharedKernel\SharedKernel.csproj", "{E549E969-5ABF-458F-A4AE-22884F033632}"
EndProject
Project("{FAE04EC0-301F-11D3-BF4B-00C04F79EFBC}") = "PaymentService.Application", "PaymentService.Application\PaymentService.Application.csproj", "{105894A9-BF17-4BF8-A97F-8ADA1147014E}"
EndProject
Project("{FAE04EC0-301F-11D3-BF4B-00C04F79EFBC}") = "PaymentService.Infrastructure", "PaymentService.Infrastructure\PaymentService.Infrastructure.csproj", "{67D65D32-E31C-4F32-8D76-513283CCCF74}"
EndProject
Project("{FAE04EC0-301F-11D3-BF4B-00C04F79EFBC}") = "NotificationService.API", "NotificationService.API\NotificationService.API.csproj", "{4F730C48-694E-4772-933A-583098654DBE}"
EndProject
Project("{FAE04EC0-301F-11D3-BF4B-00C04F79EFBC}") = "InvoiceService.Application", "InvoiceService.Application\InvoiceService.Application.csproj", "{F00A3E1F-9D31-4461-8039-3A0CD25DDBA7}"
EndProject
Project("{FAE04EC0-301F-11D3-BF4B-00C04F79EFBC}") = "InvoiceService.Infrastructure", "InvoiceService.Infrastructure\InvoiceService.Infrastructure.csproj", "{C5B4BD88-03EB-4D76-B595-D3094A81A924}"
EndProject
Project("{FAE04EC0-301F-11D3-BF4B-00C04F79EFBC}") = "GatewayService.API", "GatewayService.API\GatewayService.API.csproj", "{F20F1C5C-6E7C-4CB1-8A90-14CE8F4F32DC}"
EndProject
Global
	GlobalSection(SolutionConfigurationPlatforms) = preSolution
		Debug|Any CPU = Debug|Any CPU
		Release|Any CPU = Release|Any CPU
	EndGlobalSection
	GlobalSection(ProjectConfigurationPlatforms) = postSolution
		{DB5A409C-20E2-4E45-9E50-D7859896F000}.Debug|Any CPU.ActiveCfg = Debug|Any CPU
		{DB5A409C-20E2-4E45-9E50-D7859896F000}.Debug|Any CPU.Build.0 = Debug|Any CPU
		{DB5A409C-20E2-4E45-9E50-D7859896F000}.Release|Any CPU.ActiveCfg = Release|Any CPU
		{DB5A409C-20E2-4E45-9E50-D7859896F000}.Release|Any CPU.Build.0 = Release|Any CPU
		{763745A7-7835-4ECB-94D7-406A51C2ADB2}.Debug|Any CPU.ActiveCfg = Debug|Any CPU
		{763745A7-7835-4ECB-94D7-406A51C2ADB2}.Debug|Any CPU.Build.0 = Debug|Any CPU
		{763745A7-7835-4ECB-94D7-406A51C2ADB2}.Release|Any CPU.ActiveCfg = Release|Any CPU
		{763745A7-7835-4ECB-94D7-406A51C2ADB2}.Release|Any CPU.Build.0 = Release|Any CPU
		{A3DC9697-60A4-4F70-9E29-C03CC32674D7}.Debug|Any CPU.ActiveCfg = Debug|Any CPU
		{A3DC9697-60A4-4F70-9E29-C03CC32674D7}.Debug|Any CPU.Build.0 = Debug|Any CPU
		{A3DC9697-60A4-4F70-9E29-C03CC32674D7}.Release|Any CPU.ActiveCfg = Release|Any CPU
		{A3DC9697-60A4-4F70-9E29-C03CC32674D7}.Release|Any CPU.Build.0 = Release|Any CPU
		{A8394C30-CA47-4705-93D8-D61AE6547557}.Debug|Any CPU.ActiveCfg = Debug|Any CPU
		{A8394C30-CA47-4705-93D8-D61AE6547557}.Debug|Any CPU.Build.0 = Debug|Any CPU
		{A8394C30-CA47-4705-93D8-D61AE6547557}.Release|Any CPU.ActiveCfg = Release|Any CPU
		{A8394C30-CA47-4705-93D8-D61AE6547557}.Release|Any CPU.Build.0 = Release|Any CPU
		{E64D1768-6512-41A9-8539-098EF9418F48}.Debug|Any CPU.ActiveCfg = Debug|Any CPU
		{E64D1768-6512-41A9-8539-098EF9418F48}.Debug|Any CPU.Build.0 = Debug|Any CPU
		{E64D1768-6512-41A9-8539-098EF9418F48}.Release|Any CPU.ActiveCfg = Release|Any CPU
		{E64D1768-6512-41A9-8539-098EF9418F48}.Release|Any CPU.Build.0 = Release|Any CPU
		{46D6E743-E611-4C84-8886-438FF46B53B8}.Debug|Any CPU.ActiveCfg = Debug|Any CPU
		{46D6E743-E611-4C84-8886-438FF46B53B8}.Debug|Any CPU.Build.0 = Debug|Any CPU
		{46D6E743-E611-4C84-8886-438FF46B53B8}.Release|Any CPU.ActiveCfg = Release|Any CPU
		{46D6E743-E611-4C84-8886-438FF46B53B8}.Release|Any CPU.Build.0 = Release|Any CPU
		{3C53D1C0-5400-4E93-B12A-C13407052379}.Debug|Any CPU.ActiveCfg = Debug|Any CPU
		{3C53D1C0-5400-4E93-B12A-C13407052379}.Debug|Any CPU.Build.0 = Debug|Any CPU
		{3C53D1C0-5400-4E93-B12A-C13407052379}.Release|Any CPU.ActiveCfg = Release|Any CPU
		{3C53D1C0-5400-4E93-B12A-C13407052379}.Release|Any CPU.Build.0 = Release|Any CPU
		{8D137669-DB16-4858-980A-AA66221960B3}.Debug|Any CPU.ActiveCfg = Debug|Any CPU
		{8D137669-DB16-4858-980A-AA66221960B3}.Debug|Any CPU.Build.0 = Debug|Any CPU
		{8D137669-DB16-4858-980A-AA66221960B3}.Release|Any CPU.ActiveCfg = Release|Any CPU
		{8D137669-DB16-4858-980A-AA66221960B3}.Release|Any CPU.Build.0 = Release|Any CPU
		{D1D1AEC0-8F76-4D6D-80C7-07E0E4B7EB98}.Debug|Any CPU.ActiveCfg = Debug|Any CPU
		{D1D1AEC0-8F76-4D6D-80C7-07E0E4B7EB98}.Debug|Any CPU.Build.0 = Debug|Any CPU
		{D1D1AEC0-8F76-4D6D-80C7-07E0E4B7EB98}.Release|Any CPU.ActiveCfg = Release|Any CPU
		{D1D1AEC0-8F76-4D6D-80C7-07E0E4B7EB98}.Release|Any CPU.Build.0 = Release|Any CPU
		{74ECC95B-755F-479A-A2C0-99FBFCF97237}.Debug|Any CPU.ActiveCfg = Debug|Any CPU
		{74ECC95B-755F-479A-A2C0-99FBFCF97237}.Debug|Any CPU.Build.0 = Debug|Any CPU
		{74ECC95B-755F-479A-A2C0-99FBFCF97237}.Release|Any CPU.ActiveCfg = Release|Any CPU
		{74ECC95B-755F-479A-A2C0-99FBFCF97237}.Release|Any CPU.Build.0 = Release|Any CPU
		{226EA599-92E4-40D2-964E-828C46D7CF72}.Debug|Any CPU.ActiveCfg = Debug|Any CPU
		{226EA599-92E4-40D2-964E-828C46D7CF72}.Debug|Any CPU.Build.0 = Debug|Any CPU
		{226EA599-92E4-40D2-964E-828C46D7CF72}.Release|Any CPU.ActiveCfg = Release|Any CPU
		{226EA599-92E4-40D2-964E-828C46D7CF72}.Release|Any CPU.Build.0 = Release|Any CPU
		{FA0C9F49-9809-4EC6-92F3-880543AFA98B}.Debug|Any CPU.ActiveCfg = Debug|Any CPU
		{FA0C9F49-9809-4EC6-92F3-880543AFA98B}.Debug|Any CPU.Build.0 = Debug|Any CPU
		{FA0C9F49-9809-4EC6-92F3-880543AFA98B}.Release|Any CPU.ActiveCfg = Release|Any CPU
		{FA0C9F49-9809-4EC6-92F3-880543AFA98B}.Release|Any CPU.Build.0 = Release|Any CPU
		{45A563C5-7027-4491-9402-283BEFFFCF0D}.Debug|Any CPU.ActiveCfg = Debug|Any CPU
		{45A563C5-7027-4491-9402-283BEFFFCF0D}.Debug|Any CPU.Build.0 = Debug|Any CPU
		{45A563C5-7027-4491-9402-283BEFFFCF0D}.Release|Any CPU.ActiveCfg = Release|Any CPU
		{45A563C5-7027-4491-9402-283BEFFFCF0D}.Release|Any CPU.Build.0 = Release|Any CPU
		{E549E969-5ABF-458F-A4AE-22884F033632}.Debug|Any CPU.ActiveCfg = Debug|Any CPU
		{E549E969-5ABF-458F-A4AE-22884F033632}.Debug|Any CPU.Build.0 = Debug|Any CPU
		{E549E969-5ABF-458F-A4AE-22884F033632}.Release|Any CPU.ActiveCfg = Release|Any CPU
		{E549E969-5ABF-458F-A4AE-22884F033632}.Release|Any CPU.Build.0 = Release|Any CPU
		{105894A9-BF17-4BF8-A97F-8ADA1147014E}.Debug|Any CPU.ActiveCfg = Debug|Any CPU
		{105894A9-BF17-4BF8-A97F-8ADA1147014E}.Debug|Any CPU.Build.0 = Debug|Any CPU
		{105894A9-BF17-4BF8-A97F-8ADA1147014E}.Release|Any CPU.ActiveCfg = Release|Any CPU
		{105894A9-BF17-4BF8-A97F-8ADA1147014E}.Release|Any CPU.Build.0 = Release|Any CPU
		{67D65D32-E31C-4F32-8D76-513283CCCF74}.Debug|Any CPU.ActiveCfg = Debug|Any CPU
		{67D65D32-E31C-4F32-8D76-513283CCCF74}.Debug|Any CPU.Build.0 = Debug|Any CPU
		{67D65D32-E31C-4F32-8D76-513283CCCF74}.Release|Any CPU.ActiveCfg = Release|Any CPU
		{67D65D32-E31C-4F32-8D76-513283CCCF74}.Release|Any CPU.Build.0 = Release|Any CPU
		{4F730C48-694E-4772-933A-583098654DBE}.Debug|Any CPU.ActiveCfg = Debug|Any CPU
		{4F730C48-694E-4772-933A-583098654DBE}.Debug|Any CPU.Build.0 = Debug|Any CPU
		{4F730C48-694E-4772-933A-583098654DBE}.Release|Any CPU.ActiveCfg = Release|Any CPU
		{4F730C48-694E-4772-933A-583098654DBE}.Release|Any CPU.Build.0 = Release|Any CPU
		{F00A3E1F-9D31-4461-8039-3A0CD25DDBA7}.Debug|Any CPU.ActiveCfg = Debug|Any CPU
		{F00A3E1F-9D31-4461-8039-3A0CD25DDBA7}.Debug|Any CPU.Build.0 = Debug|Any CPU
		{F00A3E1F-9D31-4461-8039-3A0CD25DDBA7}.Release|Any CPU.ActiveCfg = Release|Any CPU
		{F00A3E1F-9D31-4461-8039-3A0CD25DDBA7}.Release|Any CPU.Build.0 = Release|Any CPU
		{C5B4BD88-03EB-4D76-B595-D3094A81A924}.Debug|Any CPU.ActiveCfg = Debug|Any CPU
		{C5B4BD88-03EB-4D76-B595-D3094A81A924}.Debug|Any CPU.Build.0 = Debug|Any CPU
		{C5B4BD88-03EB-4D76-B595-D3094A81A924}.Release|Any CPU.ActiveCfg = Release|Any CPU
		{C5B4BD88-03EB-4D76-B595-D3094A81A924}.Release|Any CPU.Build.0 = Release|Any CPU
		{F20F1C5C-6E7C-4CB1-8A90-14CE8F4F32DC}.Debug|Any CPU.ActiveCfg = Debug|Any CPU
		{F20F1C5C-6E7C-4CB1-8A90-14CE8F4F32DC}.Debug|Any CPU.Build.0 = Debug|Any CPU
		{F20F1C5C-6E7C-4CB1-8A90-14CE8F4F32DC}.Release|Any CPU.ActiveCfg = Release|Any CPU
		{F20F1C5C-6E7C-4CB1-8A90-14CE8F4F32DC}.Release|Any CPU.Build.0 = Release|Any CPU
	EndGlobalSection
	GlobalSection(SolutionProperties) = preSolution
		HideSolutionNode = FALSE
	EndGlobalSection
	GlobalSection(NestedProjects) = preSolution
		{00E19C0F-9975-454C-BB47-D2D93D87B20D} = {C9CCF90A-85D8-41E0-BF0D-90ACDB80C5CC}
		{DB5A409C-20E2-4E45-9E50-D7859896F000} = {00E19C0F-9975-454C-BB47-D2D93D87B20D}
		{D875B006-229B-43AC-802D-2F2E62EA02F3} = {C9CCF90A-85D8-41E0-BF0D-90ACDB80C5CC}
		{763745A7-7835-4ECB-94D7-406A51C2ADB2} = {D875B006-229B-43AC-802D-2F2E62EA02F3}
		{A3DC9697-60A4-4F70-9E29-C03CC32674D7} = {D875B006-229B-43AC-802D-2F2E62EA02F3}
		{A8394C30-CA47-4705-93D8-D61AE6547557} = {D875B006-229B-43AC-802D-2F2E62EA02F3}
		{E64D1768-6512-41A9-8539-098EF9418F48} = {D875B006-229B-43AC-802D-2F2E62EA02F3}
		{FA5B85C6-17D3-422C-A84C-9A746F9D8300} = {C9CCF90A-85D8-41E0-BF0D-90ACDB80C5CC}
		{46D6E743-E611-4C84-8886-438FF46B53B8} = {FA5B85C6-17D3-422C-A84C-9A746F9D8300}
		{3C53D1C0-5400-4E93-B12A-C13407052379} = {FA5B85C6-17D3-422C-A84C-9A746F9D8300}
		{8D137669-DB16-4858-980A-AA66221960B3} = {FA5B85C6-17D3-422C-A84C-9A746F9D8300}
		{D1D1AEC0-8F76-4D6D-80C7-07E0E4B7EB98} = {FA5B85C6-17D3-422C-A84C-9A746F9D8300}
		{3B5677BE-65FF-4FA4-BE0D-7157D6E65982} = {C9CCF90A-85D8-41E0-BF0D-90ACDB80C5CC}
		{74ECC95B-755F-479A-A2C0-99FBFCF97237} = {3B5677BE-65FF-4FA4-BE0D-7157D6E65982}
		{226EA599-92E4-40D2-964E-828C46D7CF72} = {3B5677BE-65FF-4FA4-BE0D-7157D6E65982}
		{DE96E2E3-070F-42D6-9C76-42DFEA81EF84} = {C9CCF90A-85D8-41E0-BF0D-90ACDB80C5CC}
		{FA0C9F49-9809-4EC6-92F3-880543AFA98B} = {DE96E2E3-070F-42D6-9C76-42DFEA81EF84}
		{45A563C5-7027-4491-9402-283BEFFFCF0D} = {DE96E2E3-070F-42D6-9C76-42DFEA81EF84}
		{10FE6B5E-477D-4123-8EF5-231F1884D7DB} = {C9CCF90A-85D8-41E0-BF0D-90ACDB80C5CC}
		{7A0E701E-6F86-4408-8D7E-C29EEFAF0AE7} = {C9CCF90A-85D8-41E0-BF0D-90ACDB80C5CC}
		{E549E969-5ABF-458F-A4AE-22884F033632} = {7C15098B-9947-4F83-9DA6-8608E305E6A0}
		{105894A9-BF17-4BF8-A97F-8ADA1147014E} = {DE96E2E3-070F-42D6-9C76-42DFEA81EF84}
		{67D65D32-E31C-4F32-8D76-513283CCCF74} = {DE96E2E3-070F-42D6-9C76-42DFEA81EF84}
		{4F730C48-694E-4772-933A-583098654DBE} = {10FE6B5E-477D-4123-8EF5-231F1884D7DB}
		{F00A3E1F-9D31-4461-8039-3A0CD25DDBA7} = {3B5677BE-65FF-4FA4-BE0D-7157D6E65982}
		{C5B4BD88-03EB-4D76-B595-D3094A81A924} = {3B5677BE-65FF-4FA4-BE0D-7157D6E65982}
		{F20F1C5C-6E7C-4CB1-8A90-14CE8F4F32DC} = {7A0E701E-6F86-4408-8D7E-C29EEFAF0AE7}
	EndGlobalSection
	GlobalSection(ExtensibilityGlobals) = postSolution
		SolutionGuid = {0866797E-1727-4ECC-A3C0-B1D6F50ACBAD}
	EndGlobalSection
EndGlobal
